
Microsoft Visual Studio Solution File, Format Version 12.00
# Visual Studio Version 17
VisualStudioVersion = 17.4.33213.308
MinimumVisualStudioVersion = 10.0.40219.1
Project("{FAE04EC0-301F-11D3-BF4B-00C04F79EFBC}") = "RecordDbSqlDapper", "RecordDbSqlDapper\RecordDbSqlDapper.csproj", "{ED5CA6F9-BF97-41A9-931C-DD6EC0DC7C98}"
EndProject
Project("{FAE04EC0-301F-11D3-BF4B-00C04F79EFBC}") = "DapperDAL", "DapperDAL\DapperDAL.csproj", "{BC780795-5A9B-4565-8EAE-738E93185330}"
EndProject
Global
	GlobalSection(SolutionConfigurationPlatforms) = preSolution
		Debug|Any CPU = Debug|Any CPU
		Release|Any CPU = Release|Any CPU
	EndGlobalSection
	GlobalSection(ProjectConfigurationPlatforms) = postSolution
		{ED5CA6F9-BF97-41A9-931C-DD6EC0DC7C98}.Debug|Any CPU.ActiveCfg = Debug|Any CPU
		{ED5CA6F9-BF97-41A9-931C-DD6EC0DC7C98}.Debug|Any CPU.Build.0 = Debug|Any CPU
		{ED5CA6F9-BF97-41A9-931C-DD6EC0DC7C98}.Release|Any CPU.ActiveCfg = Release|Any CPU
		{ED5CA6F9-BF97-41A9-931C-DD6EC0DC7C98}.Release|Any CPU.Build.0 = Release|Any CPU
		{BC780795-5A9B-4565-8EAE-738E93185330}.Debug|Any CPU.ActiveCfg = Debug|Any CPU
		{BC780795-5A9B-4565-8EAE-738E93185330}.Debug|Any CPU.Build.0 = Debug|Any CPU
		{BC780795-5A9B-4565-8EAE-738E93185330}.Release|Any CPU.ActiveCfg = Release|Any CPU
		{BC780795-5A9B-4565-8EAE-738E93185330}.Release|Any CPU.Build.0 = Release|Any CPU
	EndGlobalSection
	GlobalSection(SolutionProperties) = preSolution
		HideSolutionNode = FALSE
	EndGlobalSection
	GlobalSection(ExtensibilityGlobals) = postSolution
		SolutionGuid = {06839D0E-32F5-462A-8BF3-14FF238F471C}
	EndGlobalSection
EndGlobal
